
Microsoft Visual Studio Solution File, Format Version 12.00
# Visual Studio 15
VisualStudioVersion = 15.0.28307.902
MinimumVisualStudioVersion = 10.0.40219.1
Project("{FAE04EC0-301F-11D3-BF4B-00C04F79EFBC}") = "TirePressureMonitor", "TirePressureMonitor\TirePressureMonitor.csproj", "{A30B5701-7F0D-4E04-8EA0-FB64F22455A1}"
EndProject
Project("{FAE04EC0-301F-11D3-BF4B-00C04F79EFBC}") = "TirePressureMonitor.Test.Unit", "TirePressureMonitor.Test.Unit\TirePressureMonitor.Test.Unit.csproj", "{8FD09FE2-2F6D-42D4-8FC0-FD597A172DDC}"
EndProject
Global
	GlobalSection(SolutionConfigurationPlatforms) = preSolution
		Debug|Any CPU = Debug|Any CPU
		Release|Any CPU = Release|Any CPU
	EndGlobalSection
	GlobalSection(ProjectConfigurationPlatforms) = postSolution
		{A30B5701-7F0D-4E04-8EA0-FB64F22455A1}.Debug|Any CPU.ActiveCfg = Debug|Any CPU
		{A30B5701-7F0D-4E04-8EA0-FB64F22455A1}.Debug|Any CPU.Build.0 = Debug|Any CPU
		{A30B5701-7F0D-4E04-8EA0-FB64F22455A1}.Release|Any CPU.ActiveCfg = Release|Any CPU
		{A30B5701-7F0D-4E04-8EA0-FB64F22455A1}.Release|Any CPU.Build.0 = Release|Any CPU
		{8FD09FE2-2F6D-42D4-8FC0-FD597A172DDC}.Debug|Any CPU.ActiveCfg = Debug|Any CPU
		{8FD09FE2-2F6D-42D4-8FC0-FD597A172DDC}.Debug|Any CPU.Build.0 = Debug|Any CPU
		{8FD09FE2-2F6D-42D4-8FC0-FD597A172DDC}.Release|Any CPU.ActiveCfg = Release|Any CPU
		{8FD09FE2-2F6D-42D4-8FC0-FD597A172DDC}.Release|Any CPU.Build.0 = Release|Any CPU
	EndGlobalSection
	GlobalSection(SolutionProperties) = preSolution
		HideSolutionNode = FALSE
	EndGlobalSection
	GlobalSection(ExtensibilityGlobals) = postSolution
		SolutionGuid = {D5D119BB-B633-4BCB-8285-0CD8B191B204}
	EndGlobalSection
EndGlobal
